
Microsoft Visual Studio Solution File, Format Version 12.00
# Visual Studio Version 17
VisualStudioVersion = 17.5.002.0
MinimumVisualStudioVersion = 10.0.40219.1
Project("{2150E333-8FDC-42A3-9474-1A3956D46DE8}") = "CalendarBase", "CalendarBase", "{0AA54182-DD37-4EE0-B1B6-66D3E73EE976}"
EndProject
Project("{9A19103F-16F7-4668-BE54-9A1E7A4F7556}") = "CalendarBase", "CalendarBase\Files\CalendarBase.csproj", "{626C424B-E92D-4313-ABD7-92DAB254CB7C}"
EndProject
Project("{2150E333-8FDC-42A3-9474-1A3956D46DE8}") = "CrtBaseConsts", "CrtBaseConsts", "{31A903B6-5F08-432E-A14B-2C5C2EC83CCE}"
EndProject
Project("{9A19103F-16F7-4668-BE54-9A1E7A4F7556}") = "CrtBaseConsts", "CrtBaseConsts\Files\CrtBaseConsts.csproj", "{D087533D-0232-4694-8BA7-874879E1E1D9}"
EndProject
Project("{2150E333-8FDC-42A3-9474-1A3956D46DE8}") = "CrtC360InUiV2", "CrtC360InUiV2", "{64F0FA0C-6D3B-4311-B52E-395EE116C99A}"
EndProject
Project("{9A19103F-16F7-4668-BE54-9A1E7A4F7556}") = "CrtC360InUiV2", "CrtC360InUiV2\Files\CrtC360InUiV2.csproj", "{0950C96F-4252-4A97-8499-E23841B38EC3}"
EndProject
Project("{2150E333-8FDC-42A3-9474-1A3956D46DE8}") = "CrtCalendar", "CrtCalendar", "{FA730534-4129-4F96-B89C-D057D98F941B}"
EndProject
Project("{9A19103F-16F7-4668-BE54-9A1E7A4F7556}") = "CrtCalendar", "CrtCalendar\Files\CrtCalendar.csproj", "{7CEFABC9-16C8-4AEE-A16A-58E5F4C5053B}"
EndProject
Project("{2150E333-8FDC-42A3-9474-1A3956D46DE8}") = "CrtCall", "CrtCall", "{E9280B22-B4B6-4EDE-9F78-0893420DC15E}"
EndProject
Project("{9A19103F-16F7-4668-BE54-9A1E7A4F7556}") = "CrtCall", "CrtCall\Files\CrtCall.csproj", "{1B24CB92-B4CC-4779-8A44-AE52301E7737}"
EndProject
Project("{2150E333-8FDC-42A3-9474-1A3956D46DE8}") = "CrtCopilot", "CrtCopilot", "{F1F35BD5-A185-4794-BF6A-75A3D9F9DF30}"
EndProject
Project("{9A19103F-16F7-4668-BE54-9A1E7A4F7556}") = "CrtCopilot", "CrtCopilot\Files\CrtCopilot.csproj", "{8F69BD5A-7306-4373-A644-BA87DCF6A993}"
EndProject
Project("{2150E333-8FDC-42A3-9474-1A3956D46DE8}") = "CrtCopilotIntentsStudio", "CrtCopilotIntentsStudio", "{C409964D-B52B-479A-B9F5-6F581843A725}"
EndProject
Project("{9A19103F-16F7-4668-BE54-9A1E7A4F7556}") = "CrtCopilotIntentsStudio", "CrtCopilotIntentsStudio\Files\CrtCopilotIntentsStudio.csproj", "{11E81F23-1A31-4974-899D-EB2F2AC488D4}"
EndProject
Project("{2150E333-8FDC-42A3-9474-1A3956D46DE8}") = "CrtCore", "CrtCore", "{FD51CA13-C137-4E99-89AD-C5B602C0B835}"
EndProject
Project("{9A19103F-16F7-4668-BE54-9A1E7A4F7556}") = "CrtCore", "CrtCore\Files\CrtCore.csproj", "{3DAB564B-61AB-4380-B44C-85CC2BD6F685}"
EndProject
Project("{2150E333-8FDC-42A3-9474-1A3956D46DE8}") = "CrtCoreBase", "CrtCoreBase", "{ACED48CE-AE1E-4F8A-9499-21559B592DBA}"
EndProject
Project("{9A19103F-16F7-4668-BE54-9A1E7A4F7556}") = "CrtCoreBase", "CrtCoreBase\Files\CrtCoreBase.csproj", "{7232818E-EC82-481F-AD03-5EAC44509ED5}"
EndProject
Project("{2150E333-8FDC-42A3-9474-1A3956D46DE8}") = "CrtCustomer360App", "CrtCustomer360App", "{433C0EA7-ED2F-44F8-BC10-6994C3D77819}"
EndProject
Project("{9A19103F-16F7-4668-BE54-9A1E7A4F7556}") = "CrtCustomer360App", "CrtCustomer360App\Files\CrtCustomer360App.csproj", "{7A908F8A-80D0-4680-912E-2B6DDEC4C0A4}"
EndProject
Project("{2150E333-8FDC-42A3-9474-1A3956D46DE8}") = "CrtCustomer360Mobile", "CrtCustomer360Mobile", "{76A23EE7-7D5A-4F07-8F55-13C134DCA847}"
EndProject
Project("{9A19103F-16F7-4668-BE54-9A1E7A4F7556}") = "CrtCustomer360Mobile", "CrtCustomer360Mobile\Files\CrtCustomer360Mobile.csproj", "{3669B292-C89C-40C0-85C1-AFB3F43F795D}"
EndProject
Project("{2150E333-8FDC-42A3-9474-1A3956D46DE8}") = "CrtEmailSender", "CrtEmailSender", "{945369BC-48F4-4767-AF39-0484D65D4F43}"
EndProject
Project("{9A19103F-16F7-4668-BE54-9A1E7A4F7556}") = "CrtEmailSender", "CrtEmailSender\Files\CrtEmailSender.csproj", "{5F04DA9F-3482-4F4B-B8BF-9D4576F1899E}"
EndProject
Project("{2150E333-8FDC-42A3-9474-1A3956D46DE8}") = "CrtEmailTemplate", "CrtEmailTemplate", "{A3512F03-5AA5-4684-8B99-B6F450ECB5E2}"
EndProject
Project("{9A19103F-16F7-4668-BE54-9A1E7A4F7556}") = "CrtEmailTemplate", "CrtEmailTemplate\Files\CrtEmailTemplate.csproj", "{D496CB00-6ACA-4C0A-96BD-F92D57EF2AF8}"
EndProject
Project("{2150E333-8FDC-42A3-9474-1A3956D46DE8}") = "CrtFeatureToggling", "CrtFeatureToggling", "{205A3DEE-1DEF-4751-B85E-234BECADBB70}"
EndProject
Project("{9A19103F-16F7-4668-BE54-9A1E7A4F7556}") = "CrtFeatureToggling", "CrtFeatureToggling\Files\CrtFeatureToggling.csproj", "{61F6E159-BF55-4967-BFA7-DAF972E68C23}"
EndProject
Project("{2150E333-8FDC-42A3-9474-1A3956D46DE8}") = "CrtMacrosBase", "CrtMacrosBase", "{671BF075-7286-437F-9710-C121A790FC5B}"
EndProject
Project("{9A19103F-16F7-4668-BE54-9A1E7A4F7556}") = "CrtMacrosBase", "CrtMacrosBase\Files\CrtMacrosBase.csproj", "{50EA4F96-7C18-4979-814E-43C929C947E8}"
EndProject
Project("{2150E333-8FDC-42A3-9474-1A3956D46DE8}") = "CrtMessage", "CrtMessage", "{D2112E20-933E-453D-AE9F-8A44E4B834F9}"
EndProject
Project("{9A19103F-16F7-4668-BE54-9A1E7A4F7556}") = "CrtMessage", "CrtMessage\Files\CrtMessage.csproj", "{8A0B448A-5E3B-4A0B-A304-C818B434CBBF}"
EndProject
Project("{2150E333-8FDC-42A3-9474-1A3956D46DE8}") = "CrtML", "CrtML", "{9C0AC526-443B-4DF0-BE65-2E0E674295A0}"
EndProject
Project("{9A19103F-16F7-4668-BE54-9A1E7A4F7556}") = "CrtML", "CrtML\Files\CrtML.csproj", "{F007EC7E-AEE4-444B-AD22-21D41FD9F54A}"
EndProject
Project("{2150E333-8FDC-42A3-9474-1A3956D46DE8}") = "CrtMLangContent", "CrtMLangContent", "{C86C7727-70D0-4D82-BE42-8E8EC30CB3DF}"
EndProject
Project("{9A19103F-16F7-4668-BE54-9A1E7A4F7556}") = "CrtMLangContent", "CrtMLangContent\Files\CrtMLangContent.csproj", "{E36BE11C-5B38-4E00-80F4-34FB021D4EA0}"
EndProject
Project("{2150E333-8FDC-42A3-9474-1A3956D46DE8}") = "CrtMobileFreedomUIStylesFor7x", "CrtMobileFreedomUIStylesFor7x", "{CDC4043A-06E4-4167-8C76-5B03593BB4FB}"
EndProject
Project("{9A19103F-16F7-4668-BE54-9A1E7A4F7556}") = "CrtMobileFreedomUIStylesFor7x", "CrtMobileFreedomUIStylesFor7x\Files\CrtMobileFreedomUIStylesFor7x.csproj", "{3C2D41D0-AD10-4559-A7CC-06B2F7E05E36}"
EndProject
Project("{2150E333-8FDC-42A3-9474-1A3956D46DE8}") = "CrtNextStep", "CrtNextStep", "{7908AD50-CF54-4134-84FF-5237A94036E4}"
EndProject
Project("{9A19103F-16F7-4668-BE54-9A1E7A4F7556}") = "CrtNextStep", "CrtNextStep\Files\CrtNextStep.csproj", "{DB43DE7F-ED2A-48F4-801B-11D2508CD4FB}"
EndProject
Project("{2150E333-8FDC-42A3-9474-1A3956D46DE8}") = "CrtOmnichannelApp", "CrtOmnichannelApp", "{6F506ACA-E4F3-4E33-AB01-4F2039E30FAC}"
EndProject
Project("{9A19103F-16F7-4668-BE54-9A1E7A4F7556}") = "CrtOmnichannelApp", "CrtOmnichannelApp\Files\CrtOmnichannelApp.csproj", "{45BCBADD-8A9C-4FFC-975A-1DC275F9A088}"
EndProject
Project("{2150E333-8FDC-42A3-9474-1A3956D46DE8}") = "CrtProductivityApp", "CrtProductivityApp", "{9E8078BE-9C98-441F-95CE-B380EBA0829F}"
EndProject
Project("{9A19103F-16F7-4668-BE54-9A1E7A4F7556}") = "CrtProductivityApp", "CrtProductivityApp\Files\CrtProductivityApp.csproj", "{428FCAC2-CA32-4CC5-AC58-88E014BE5056}"
EndProject
Project("{2150E333-8FDC-42A3-9474-1A3956D46DE8}") = "CrtProductivityCopilot", "CrtProductivityCopilot", "{19758A2A-E35C-47D5-B798-2AD922A6680A}"
EndProject
Project("{9A19103F-16F7-4668-BE54-9A1E7A4F7556}") = "CrtProductivityCopilot", "CrtProductivityCopilot\Files\CrtProductivityCopilot.csproj", "{DECE9BA9-B85A-4AB1-9452-7B1E0858914C}"
EndProject
Project("{2150E333-8FDC-42A3-9474-1A3956D46DE8}") = "CrtProductivityMobile", "CrtProductivityMobile", "{3841D922-C6B8-4AEF-A604-5E94E1997B6F}"
EndProject
Project("{9A19103F-16F7-4668-BE54-9A1E7A4F7556}") = "CrtProductivityMobile", "CrtProductivityMobile\Files\CrtProductivityMobile.csproj", "{7C8B1C96-C5CA-449A-A406-ABF067C66B60}"
EndProject
Project("{2150E333-8FDC-42A3-9474-1A3956D46DE8}") = "CrtSecurity", "CrtSecurity", "{B6984266-D928-422D-A3FA-EB028054F300}"
EndProject
Project("{9A19103F-16F7-4668-BE54-9A1E7A4F7556}") = "CrtSecurity", "CrtSecurity\Files\CrtSecurity.csproj", "{FA39482F-4B46-402C-9A9C-A159F44C893E}"
EndProject
Project("{2150E333-8FDC-42A3-9474-1A3956D46DE8}") = "CrtSecurity7x", "CrtSecurity7x", "{1DE8AF5E-9DF4-49A0-B434-49C1EC9481D6}"
EndProject
Project("{9A19103F-16F7-4668-BE54-9A1E7A4F7556}") = "CrtSecurity7x", "CrtSecurity7x\Files\CrtSecurity7x.csproj", "{539AF3B1-9CB2-4458-9A67-8B67F5B01E49}"
EndProject
Project("{2150E333-8FDC-42A3-9474-1A3956D46DE8}") = "CrtSmsIntegration", "CrtSmsIntegration", "{896C53B9-D027-402A-93A5-C87688E8E462}"
EndProject
Project("{9A19103F-16F7-4668-BE54-9A1E7A4F7556}") = "CrtSmsIntegration", "CrtSmsIntegration\Files\CrtSmsIntegration.csproj", "{17B519B1-1304-46B7-B417-FDF010FD3922}"
EndProject
Project("{2150E333-8FDC-42A3-9474-1A3956D46DE8}") = "CrtSpecification", "CrtSpecification", "{BB0C201D-D90D-4A31-9362-F82417284638}"
EndProject
Project("{9A19103F-16F7-4668-BE54-9A1E7A4F7556}") = "CrtSpecification", "CrtSpecification\Files\CrtSpecification.csproj", "{4017E937-200E-4A79-BF0C-598945D3A986}"
EndProject
Project("{2150E333-8FDC-42A3-9474-1A3956D46DE8}") = "CrtStudioCopilot", "CrtStudioCopilot", "{DA9E1AC9-824D-4A24-9924-51B0ACD7A39B}"
EndProject
Project("{9A19103F-16F7-4668-BE54-9A1E7A4F7556}") = "CrtStudioCopilot", "CrtStudioCopilot\Files\CrtStudioCopilot.csproj", "{8CB9FA8E-331B-461A-9CF6-3A25C961767A}"
EndProject
Project("{2150E333-8FDC-42A3-9474-1A3956D46DE8}") = "CrtTechnicalUsers", "CrtTechnicalUsers", "{635CA6ED-D302-4EA8-9CBB-20D2B3610FBB}"
EndProject
Project("{9A19103F-16F7-4668-BE54-9A1E7A4F7556}") = "CrtTechnicalUsers", "CrtTechnicalUsers\Files\CrtTechnicalUsers.csproj", "{0B4451D7-29D9-4B65-9470-3DAA2EE13BAB}"
EndProject
Project("{2150E333-8FDC-42A3-9474-1A3956D46DE8}") = "CrtTouchPointBase", "CrtTouchPointBase", "{FEB6993B-FFF9-485A-AE96-B631CE8EBDA1}"
EndProject
Project("{9A19103F-16F7-4668-BE54-9A1E7A4F7556}") = "CrtTouchPointBase", "CrtTouchPointBase\Files\CrtTouchPointBase.csproj", "{C165AE48-0A12-49A8-86AB-AE5B39982563}"
EndProject
Project("{2150E333-8FDC-42A3-9474-1A3956D46DE8}") = "CrtUIPlatform", "CrtUIPlatform", "{23888120-B36F-4DE0-9B94-2800F355B935}"
EndProject
Project("{9A19103F-16F7-4668-BE54-9A1E7A4F7556}") = "CrtUIPlatform", "CrtUIPlatform\Files\CrtUIPlatform.csproj", "{B23C9099-335C-499C-BF4A-F6D0D193D892}"
EndProject
Project("{2150E333-8FDC-42A3-9474-1A3956D46DE8}") = "CrtUIPlatform7x", "CrtUIPlatform7x", "{F8C273BC-8DA1-46B7-A9A7-D9C988AB6C8B}"
EndProject
Project("{9A19103F-16F7-4668-BE54-9A1E7A4F7556}") = "CrtUIPlatform7x", "CrtUIPlatform7x\Files\CrtUIPlatform7x.csproj", "{D0D83C38-19FA-4DAD-9F9D-49135A9EC16A}"
EndProject
Project("{2150E333-8FDC-42A3-9474-1A3956D46DE8}") = "CrtUISwitcher", "CrtUISwitcher", "{421D385E-3939-4E6B-8C0D-4FC23D26497E}"
EndProject
Project("{9A19103F-16F7-4668-BE54-9A1E7A4F7556}") = "CrtUISwitcher", "CrtUISwitcher\Files\CrtUISwitcher.csproj", "{684BD5C1-D9E9-4C56-AE28-959CF523FF81}"
EndProject
Project("{2150E333-8FDC-42A3-9474-1A3956D46DE8}") = "CrtWebFormBase", "CrtWebFormBase", "{A8C9DE29-5651-4D1F-8642-049B129D8D12}"
EndProject
Project("{9A19103F-16F7-4668-BE54-9A1E7A4F7556}") = "CrtWebFormBase", "CrtWebFormBase\Files\CrtWebFormBase.csproj", "{B46C2575-D1CC-4089-B9AC-707BFC7F7BC6}"
EndProject
Project("{2150E333-8FDC-42A3-9474-1A3956D46DE8}") = "CrtWebhookServiceBase", "CrtWebhookServiceBase", "{6D157CE0-6008-4014-BFA5-DD6A90BCB846}"
EndProject
Project("{9A19103F-16F7-4668-BE54-9A1E7A4F7556}") = "CrtWebhookServiceBase", "CrtWebhookServiceBase\Files\CrtWebhookServiceBase.csproj", "{F321BC2C-70B9-48E1-8782-5F0C62A2085E}"
EndProject
Project("{2150E333-8FDC-42A3-9474-1A3956D46DE8}") = "CSL_MaintenanceTools", "CSL_MaintenanceTools", "{1F9A229C-5DA9-4D3E-A7E3-874304510C5A}"
EndProject
Project("{9A19103F-16F7-4668-BE54-9A1E7A4F7556}") = "CSL_MaintenanceTools", "CSL_MaintenanceTools\Files\CSL_MaintenanceTools.csproj", "{C6EF5A54-345C-4894-A922-76B2C7355D78}"
EndProject
Project("{2150E333-8FDC-42A3-9474-1A3956D46DE8}") = "CSP", "CSP", "{EAC9E7D6-5BEC-4379-9E2C-F99A8AAABEBA}"
EndProject
Project("{9A19103F-16F7-4668-BE54-9A1E7A4F7556}") = "CSP", "CSP\Files\CSP.csproj", "{C6055E2F-633E-425B-AF0E-69B68511DD40}"
EndProject
Project("{2150E333-8FDC-42A3-9474-1A3956D46DE8}") = "devMyDevPackages", "devMyDevPackages", "{88BD12E6-5D22-4489-8BE0-C12CBEB6375B}"
EndProject
Project("{9A19103F-16F7-4668-BE54-9A1E7A4F7556}") = "devMyDevPackages", "devMyDevPackages\Files\devMyDevPackages.csproj", "{820B58A6-BAF4-4ED8-9838-DFD9238F4200}"
EndProject
Project("{2150E333-8FDC-42A3-9474-1A3956D46DE8}") = "FeatureToggling", "FeatureToggling", "{B01CBE3F-F460-431B-9EA8-5E9483370C72}"
EndProject
Project("{9A19103F-16F7-4668-BE54-9A1E7A4F7556}") = "FeatureToggling", "FeatureToggling\Files\FeatureToggling.csproj", "{7BBED59E-ACBD-46B8-93E9-9A25FF5DD14C}"
EndProject
Project("{2150E333-8FDC-42A3-9474-1A3956D46DE8}") = "Finesse", "Finesse", "{12A72AC2-6BEB-4D69-BA7D-77E172AB1B23}"
EndProject
Project("{9A19103F-16F7-4668-BE54-9A1E7A4F7556}") = "Finesse", "Finesse\Files\Finesse.csproj", "{36699AE0-7E70-406B-960E-42D61C567D18}"
EndProject
Project("{2150E333-8FDC-42A3-9474-1A3956D46DE8}") = "MiiRealty", "MiiRealty", "{475BB9E8-CC63-4555-9C62-4054993439F1}"
EndProject
Project("{9A19103F-16F7-4668-BE54-9A1E7A4F7556}") = "MiiRealty", "MiiRealty\Files\MiiRealty.csproj", "{7C25AC8C-58E9-4C12-936F-E194A6C26E94}"
EndProject
Project("{2150E333-8FDC-42A3-9474-1A3956D46DE8}") = "MLProcessDesigner", "MLProcessDesigner", "{C6451B98-1AB0-4058-9ED3-3F0B3DC1E4E5}"
EndProject
Project("{9A19103F-16F7-4668-BE54-9A1E7A4F7556}") = "MLProcessDesigner", "MLProcessDesigner\Files\MLProcessDesigner.csproj", "{80BD57FC-43D2-4CE9-84AF-3E036D2696D1}"
EndProject
Project("{2150E333-8FDC-42A3-9474-1A3956D46DE8}") = "OpenIdAuth", "OpenIdAuth", "{8331AAF7-F891-432E-957F-F37C3508A2C9}"
EndProject
Project("{9A19103F-16F7-4668-BE54-9A1E7A4F7556}") = "OpenIdAuth", "OpenIdAuth\Files\OpenIdAuth.csproj", "{C3617C92-EBA8-48AD-970F-78A2AC534DEC}"
EndProject
Project("{2150E333-8FDC-42A3-9474-1A3956D46DE8}") = "SsoSettings", "SsoSettings", "{B09F776B-8886-4064-A1B8-D6F22BCB2458}"
EndProject
Project("{9A19103F-16F7-4668-BE54-9A1E7A4F7556}") = "SsoSettings", "SsoSettings\Files\SsoSettings.csproj", "{2ED60488-E7E6-42A0-9150-DDC48C0BBB84}"
EndProject
Project("{2150E333-8FDC-42A3-9474-1A3956D46DE8}") = "XSSProtection", "XSSProtection", "{B17AD348-F50A-44FF-A129-39314FC0B95E}"
EndProject
Project("{9A19103F-16F7-4668-BE54-9A1E7A4F7556}") = "XSSProtection", "XSSProtection\Files\XSSProtection.csproj", "{F64DA4F3-7768-4D9B-81F7-464289294CCD}"
EndProject
Global
	GlobalSection(SolutionConfigurationPlatforms) = preSolution
		Debug|Any CPU = Debug|Any CPU
		Release|Any CPU = Release|Any CPU
	EndGlobalSection
	GlobalSection(ProjectConfigurationPlatforms) = postSolution
		{626C424B-E92D-4313-ABD7-92DAB254CB7C}.Debug|Any CPU.ActiveCfg = Debug|Any CPU
		{626C424B-E92D-4313-ABD7-92DAB254CB7C}.Debug|Any CPU.Build.0 = Debug|Any CPU
		{626C424B-E92D-4313-ABD7-92DAB254CB7C}.Release|Any CPU.ActiveCfg = Release|Any CPU
		{626C424B-E92D-4313-ABD7-92DAB254CB7C}.Release|Any CPU.Build.0 = Release|Any CPU
		{D087533D-0232-4694-8BA7-874879E1E1D9}.Debug|Any CPU.ActiveCfg = Debug|Any CPU
		{D087533D-0232-4694-8BA7-874879E1E1D9}.Debug|Any CPU.Build.0 = Debug|Any CPU
		{D087533D-0232-4694-8BA7-874879E1E1D9}.Release|Any CPU.ActiveCfg = Release|Any CPU
		{D087533D-0232-4694-8BA7-874879E1E1D9}.Release|Any CPU.Build.0 = Release|Any CPU
		{0950C96F-4252-4A97-8499-E23841B38EC3}.Debug|Any CPU.ActiveCfg = Debug|Any CPU
		{0950C96F-4252-4A97-8499-E23841B38EC3}.Debug|Any CPU.Build.0 = Debug|Any CPU
		{0950C96F-4252-4A97-8499-E23841B38EC3}.Release|Any CPU.ActiveCfg = Release|Any CPU
		{0950C96F-4252-4A97-8499-E23841B38EC3}.Release|Any CPU.Build.0 = Release|Any CPU
		{7CEFABC9-16C8-4AEE-A16A-58E5F4C5053B}.Debug|Any CPU.ActiveCfg = Debug|Any CPU
		{7CEFABC9-16C8-4AEE-A16A-58E5F4C5053B}.Debug|Any CPU.Build.0 = Debug|Any CPU
		{7CEFABC9-16C8-4AEE-A16A-58E5F4C5053B}.Release|Any CPU.ActiveCfg = Release|Any CPU
		{7CEFABC9-16C8-4AEE-A16A-58E5F4C5053B}.Release|Any CPU.Build.0 = Release|Any CPU
		{1B24CB92-B4CC-4779-8A44-AE52301E7737}.Debug|Any CPU.ActiveCfg = Debug|Any CPU
		{1B24CB92-B4CC-4779-8A44-AE52301E7737}.Debug|Any CPU.Build.0 = Debug|Any CPU
		{1B24CB92-B4CC-4779-8A44-AE52301E7737}.Release|Any CPU.ActiveCfg = Release|Any CPU
		{1B24CB92-B4CC-4779-8A44-AE52301E7737}.Release|Any CPU.Build.0 = Release|Any CPU
		{8F69BD5A-7306-4373-A644-BA87DCF6A993}.Debug|Any CPU.ActiveCfg = Debug|Any CPU
		{8F69BD5A-7306-4373-A644-BA87DCF6A993}.Debug|Any CPU.Build.0 = Debug|Any CPU
		{8F69BD5A-7306-4373-A644-BA87DCF6A993}.Release|Any CPU.ActiveCfg = Release|Any CPU
		{8F69BD5A-7306-4373-A644-BA87DCF6A993}.Release|Any CPU.Build.0 = Release|Any CPU
		{11E81F23-1A31-4974-899D-EB2F2AC488D4}.Debug|Any CPU.ActiveCfg = Debug|Any CPU
		{11E81F23-1A31-4974-899D-EB2F2AC488D4}.Debug|Any CPU.Build.0 = Debug|Any CPU
		{11E81F23-1A31-4974-899D-EB2F2AC488D4}.Release|Any CPU.ActiveCfg = Release|Any CPU
		{11E81F23-1A31-4974-899D-EB2F2AC488D4}.Release|Any CPU.Build.0 = Release|Any CPU
		{3DAB564B-61AB-4380-B44C-85CC2BD6F685}.Debug|Any CPU.ActiveCfg = Debug|Any CPU
		{3DAB564B-61AB-4380-B44C-85CC2BD6F685}.Debug|Any CPU.Build.0 = Debug|Any CPU
		{3DAB564B-61AB-4380-B44C-85CC2BD6F685}.Release|Any CPU.ActiveCfg = Release|Any CPU
		{3DAB564B-61AB-4380-B44C-85CC2BD6F685}.Release|Any CPU.Build.0 = Release|Any CPU
		{7232818E-EC82-481F-AD03-5EAC44509ED5}.Debug|Any CPU.ActiveCfg = Debug|Any CPU
		{7232818E-EC82-481F-AD03-5EAC44509ED5}.Debug|Any CPU.Build.0 = Debug|Any CPU
		{7232818E-EC82-481F-AD03-5EAC44509ED5}.Release|Any CPU.ActiveCfg = Release|Any CPU
		{7232818E-EC82-481F-AD03-5EAC44509ED5}.Release|Any CPU.Build.0 = Release|Any CPU
		{7A908F8A-80D0-4680-912E-2B6DDEC4C0A4}.Debug|Any CPU.ActiveCfg = Debug|Any CPU
		{7A908F8A-80D0-4680-912E-2B6DDEC4C0A4}.Debug|Any CPU.Build.0 = Debug|Any CPU
		{7A908F8A-80D0-4680-912E-2B6DDEC4C0A4}.Release|Any CPU.ActiveCfg = Release|Any CPU
		{7A908F8A-80D0-4680-912E-2B6DDEC4C0A4}.Release|Any CPU.Build.0 = Release|Any CPU
		{3669B292-C89C-40C0-85C1-AFB3F43F795D}.Debug|Any CPU.ActiveCfg = Debug|Any CPU
		{3669B292-C89C-40C0-85C1-AFB3F43F795D}.Debug|Any CPU.Build.0 = Debug|Any CPU
		{3669B292-C89C-40C0-85C1-AFB3F43F795D}.Release|Any CPU.ActiveCfg = Release|Any CPU
		{3669B292-C89C-40C0-85C1-AFB3F43F795D}.Release|Any CPU.Build.0 = Release|Any CPU
		{5F04DA9F-3482-4F4B-B8BF-9D4576F1899E}.Debug|Any CPU.ActiveCfg = Debug|Any CPU
		{5F04DA9F-3482-4F4B-B8BF-9D4576F1899E}.Debug|Any CPU.Build.0 = Debug|Any CPU
		{5F04DA9F-3482-4F4B-B8BF-9D4576F1899E}.Release|Any CPU.ActiveCfg = Release|Any CPU
		{5F04DA9F-3482-4F4B-B8BF-9D4576F1899E}.Release|Any CPU.Build.0 = Release|Any CPU
		{D496CB00-6ACA-4C0A-96BD-F92D57EF2AF8}.Debug|Any CPU.ActiveCfg = Debug|Any CPU
		{D496CB00-6ACA-4C0A-96BD-F92D57EF2AF8}.Debug|Any CPU.Build.0 = Debug|Any CPU
		{D496CB00-6ACA-4C0A-96BD-F92D57EF2AF8}.Release|Any CPU.ActiveCfg = Release|Any CPU
		{D496CB00-6ACA-4C0A-96BD-F92D57EF2AF8}.Release|Any CPU.Build.0 = Release|Any CPU
		{61F6E159-BF55-4967-BFA7-DAF972E68C23}.Debug|Any CPU.ActiveCfg = Debug|Any CPU
		{61F6E159-BF55-4967-BFA7-DAF972E68C23}.Debug|Any CPU.Build.0 = Debug|Any CPU
		{61F6E159-BF55-4967-BFA7-DAF972E68C23}.Release|Any CPU.ActiveCfg = Release|Any CPU
		{61F6E159-BF55-4967-BFA7-DAF972E68C23}.Release|Any CPU.Build.0 = Release|Any CPU
		{50EA4F96-7C18-4979-814E-43C929C947E8}.Debug|Any CPU.ActiveCfg = Debug|Any CPU
		{50EA4F96-7C18-4979-814E-43C929C947E8}.Debug|Any CPU.Build.0 = Debug|Any CPU
		{50EA4F96-7C18-4979-814E-43C929C947E8}.Release|Any CPU.ActiveCfg = Release|Any CPU
		{50EA4F96-7C18-4979-814E-43C929C947E8}.Release|Any CPU.Build.0 = Release|Any CPU
		{8A0B448A-5E3B-4A0B-A304-C818B434CBBF}.Debug|Any CPU.ActiveCfg = Debug|Any CPU
		{8A0B448A-5E3B-4A0B-A304-C818B434CBBF}.Debug|Any CPU.Build.0 = Debug|Any CPU
		{8A0B448A-5E3B-4A0B-A304-C818B434CBBF}.Release|Any CPU.ActiveCfg = Release|Any CPU
		{8A0B448A-5E3B-4A0B-A304-C818B434CBBF}.Release|Any CPU.Build.0 = Release|Any CPU
		{F007EC7E-AEE4-444B-AD22-21D41FD9F54A}.Debug|Any CPU.ActiveCfg = Debug|Any CPU
		{F007EC7E-AEE4-444B-AD22-21D41FD9F54A}.Debug|Any CPU.Build.0 = Debug|Any CPU
		{F007EC7E-AEE4-444B-AD22-21D41FD9F54A}.Release|Any CPU.ActiveCfg = Release|Any CPU
		{F007EC7E-AEE4-444B-AD22-21D41FD9F54A}.Release|Any CPU.Build.0 = Release|Any CPU
		{E36BE11C-5B38-4E00-80F4-34FB021D4EA0}.Debug|Any CPU.ActiveCfg = Debug|Any CPU
		{E36BE11C-5B38-4E00-80F4-34FB021D4EA0}.Debug|Any CPU.Build.0 = Debug|Any CPU
		{E36BE11C-5B38-4E00-80F4-34FB021D4EA0}.Release|Any CPU.ActiveCfg = Release|Any CPU
		{E36BE11C-5B38-4E00-80F4-34FB021D4EA0}.Release|Any CPU.Build.0 = Release|Any CPU
		{3C2D41D0-AD10-4559-A7CC-06B2F7E05E36}.Debug|Any CPU.ActiveCfg = Debug|Any CPU
		{3C2D41D0-AD10-4559-A7CC-06B2F7E05E36}.Debug|Any CPU.Build.0 = Debug|Any CPU
		{3C2D41D0-AD10-4559-A7CC-06B2F7E05E36}.Release|Any CPU.ActiveCfg = Release|Any CPU
		{3C2D41D0-AD10-4559-A7CC-06B2F7E05E36}.Release|Any CPU.Build.0 = Release|Any CPU
		{DB43DE7F-ED2A-48F4-801B-11D2508CD4FB}.Debug|Any CPU.ActiveCfg = Debug|Any CPU
		{DB43DE7F-ED2A-48F4-801B-11D2508CD4FB}.Debug|Any CPU.Build.0 = Debug|Any CPU
		{DB43DE7F-ED2A-48F4-801B-11D2508CD4FB}.Release|Any CPU.ActiveCfg = Release|Any CPU
		{DB43DE7F-ED2A-48F4-801B-11D2508CD4FB}.Release|Any CPU.Build.0 = Release|Any CPU
		{45BCBADD-8A9C-4FFC-975A-1DC275F9A088}.Debug|Any CPU.ActiveCfg = Debug|Any CPU
		{45BCBADD-8A9C-4FFC-975A-1DC275F9A088}.Debug|Any CPU.Build.0 = Debug|Any CPU
		{45BCBADD-8A9C-4FFC-975A-1DC275F9A088}.Release|Any CPU.ActiveCfg = Release|Any CPU
		{45BCBADD-8A9C-4FFC-975A-1DC275F9A088}.Release|Any CPU.Build.0 = Release|Any CPU
		{428FCAC2-CA32-4CC5-AC58-88E014BE5056}.Debug|Any CPU.ActiveCfg = Debug|Any CPU
		{428FCAC2-CA32-4CC5-AC58-88E014BE5056}.Debug|Any CPU.Build.0 = Debug|Any CPU
		{428FCAC2-CA32-4CC5-AC58-88E014BE5056}.Release|Any CPU.ActiveCfg = Release|Any CPU
		{428FCAC2-CA32-4CC5-AC58-88E014BE5056}.Release|Any CPU.Build.0 = Release|Any CPU
		{DECE9BA9-B85A-4AB1-9452-7B1E0858914C}.Debug|Any CPU.ActiveCfg = Debug|Any CPU
		{DECE9BA9-B85A-4AB1-9452-7B1E0858914C}.Debug|Any CPU.Build.0 = Debug|Any CPU
		{DECE9BA9-B85A-4AB1-9452-7B1E0858914C}.Release|Any CPU.ActiveCfg = Release|Any CPU
		{DECE9BA9-B85A-4AB1-9452-7B1E0858914C}.Release|Any CPU.Build.0 = Release|Any CPU
		{7C8B1C96-C5CA-449A-A406-ABF067C66B60}.Debug|Any CPU.ActiveCfg = Debug|Any CPU
		{7C8B1C96-C5CA-449A-A406-ABF067C66B60}.Debug|Any CPU.Build.0 = Debug|Any CPU
		{7C8B1C96-C5CA-449A-A406-ABF067C66B60}.Release|Any CPU.ActiveCfg = Release|Any CPU
		{7C8B1C96-C5CA-449A-A406-ABF067C66B60}.Release|Any CPU.Build.0 = Release|Any CPU
		{FA39482F-4B46-402C-9A9C-A159F44C893E}.Debug|Any CPU.ActiveCfg = Debug|Any CPU
		{FA39482F-4B46-402C-9A9C-A159F44C893E}.Debug|Any CPU.Build.0 = Debug|Any CPU
		{FA39482F-4B46-402C-9A9C-A159F44C893E}.Release|Any CPU.ActiveCfg = Release|Any CPU
		{FA39482F-4B46-402C-9A9C-A159F44C893E}.Release|Any CPU.Build.0 = Release|Any CPU
		{539AF3B1-9CB2-4458-9A67-8B67F5B01E49}.Debug|Any CPU.ActiveCfg = Debug|Any CPU
		{539AF3B1-9CB2-4458-9A67-8B67F5B01E49}.Debug|Any CPU.Build.0 = Debug|Any CPU
		{539AF3B1-9CB2-4458-9A67-8B67F5B01E49}.Release|Any CPU.ActiveCfg = Release|Any CPU
		{539AF3B1-9CB2-4458-9A67-8B67F5B01E49}.Release|Any CPU.Build.0 = Release|Any CPU
		{17B519B1-1304-46B7-B417-FDF010FD3922}.Debug|Any CPU.ActiveCfg = Debug|Any CPU
		{17B519B1-1304-46B7-B417-FDF010FD3922}.Debug|Any CPU.Build.0 = Debug|Any CPU
		{17B519B1-1304-46B7-B417-FDF010FD3922}.Release|Any CPU.ActiveCfg = Release|Any CPU
		{17B519B1-1304-46B7-B417-FDF010FD3922}.Release|Any CPU.Build.0 = Release|Any CPU
		{4017E937-200E-4A79-BF0C-598945D3A986}.Debug|Any CPU.ActiveCfg = Debug|Any CPU
		{4017E937-200E-4A79-BF0C-598945D3A986}.Debug|Any CPU.Build.0 = Debug|Any CPU
		{4017E937-200E-4A79-BF0C-598945D3A986}.Release|Any CPU.ActiveCfg = Release|Any CPU
		{4017E937-200E-4A79-BF0C-598945D3A986}.Release|Any CPU.Build.0 = Release|Any CPU
		{8CB9FA8E-331B-461A-9CF6-3A25C961767A}.Debug|Any CPU.ActiveCfg = Debug|Any CPU
		{8CB9FA8E-331B-461A-9CF6-3A25C961767A}.Debug|Any CPU.Build.0 = Debug|Any CPU
		{8CB9FA8E-331B-461A-9CF6-3A25C961767A}.Release|Any CPU.ActiveCfg = Release|Any CPU
		{8CB9FA8E-331B-461A-9CF6-3A25C961767A}.Release|Any CPU.Build.0 = Release|Any CPU
		{0B4451D7-29D9-4B65-9470-3DAA2EE13BAB}.Debug|Any CPU.ActiveCfg = Debug|Any CPU
		{0B4451D7-29D9-4B65-9470-3DAA2EE13BAB}.Debug|Any CPU.Build.0 = Debug|Any CPU
		{0B4451D7-29D9-4B65-9470-3DAA2EE13BAB}.Release|Any CPU.ActiveCfg = Release|Any CPU
		{0B4451D7-29D9-4B65-9470-3DAA2EE13BAB}.Release|Any CPU.Build.0 = Release|Any CPU
		{C165AE48-0A12-49A8-86AB-AE5B39982563}.Debug|Any CPU.ActiveCfg = Debug|Any CPU
		{C165AE48-0A12-49A8-86AB-AE5B39982563}.Debug|Any CPU.Build.0 = Debug|Any CPU
		{C165AE48-0A12-49A8-86AB-AE5B39982563}.Release|Any CPU.ActiveCfg = Release|Any CPU
		{C165AE48-0A12-49A8-86AB-AE5B39982563}.Release|Any CPU.Build.0 = Release|Any CPU
		{B23C9099-335C-499C-BF4A-F6D0D193D892}.Debug|Any CPU.ActiveCfg = Debug|Any CPU
		{B23C9099-335C-499C-BF4A-F6D0D193D892}.Debug|Any CPU.Build.0 = Debug|Any CPU
		{B23C9099-335C-499C-BF4A-F6D0D193D892}.Release|Any CPU.ActiveCfg = Release|Any CPU
		{B23C9099-335C-499C-BF4A-F6D0D193D892}.Release|Any CPU.Build.0 = Release|Any CPU
		{D0D83C38-19FA-4DAD-9F9D-49135A9EC16A}.Debug|Any CPU.ActiveCfg = Debug|Any CPU
		{D0D83C38-19FA-4DAD-9F9D-49135A9EC16A}.Debug|Any CPU.Build.0 = Debug|Any CPU
		{D0D83C38-19FA-4DAD-9F9D-49135A9EC16A}.Release|Any CPU.ActiveCfg = Release|Any CPU
		{D0D83C38-19FA-4DAD-9F9D-49135A9EC16A}.Release|Any CPU.Build.0 = Release|Any CPU
		{684BD5C1-D9E9-4C56-AE28-959CF523FF81}.Debug|Any CPU.ActiveCfg = Debug|Any CPU
		{684BD5C1-D9E9-4C56-AE28-959CF523FF81}.Debug|Any CPU.Build.0 = Debug|Any CPU
		{684BD5C1-D9E9-4C56-AE28-959CF523FF81}.Release|Any CPU.ActiveCfg = Release|Any CPU
		{684BD5C1-D9E9-4C56-AE28-959CF523FF81}.Release|Any CPU.Build.0 = Release|Any CPU
		{B46C2575-D1CC-4089-B9AC-707BFC7F7BC6}.Debug|Any CPU.ActiveCfg = Debug|Any CPU
		{B46C2575-D1CC-4089-B9AC-707BFC7F7BC6}.Debug|Any CPU.Build.0 = Debug|Any CPU
		{B46C2575-D1CC-4089-B9AC-707BFC7F7BC6}.Release|Any CPU.ActiveCfg = Release|Any CPU
		{B46C2575-D1CC-4089-B9AC-707BFC7F7BC6}.Release|Any CPU.Build.0 = Release|Any CPU
		{F321BC2C-70B9-48E1-8782-5F0C62A2085E}.Debug|Any CPU.ActiveCfg = Debug|Any CPU
		{F321BC2C-70B9-48E1-8782-5F0C62A2085E}.Debug|Any CPU.Build.0 = Debug|Any CPU
		{F321BC2C-70B9-48E1-8782-5F0C62A2085E}.Release|Any CPU.ActiveCfg = Release|Any CPU
		{F321BC2C-70B9-48E1-8782-5F0C62A2085E}.Release|Any CPU.Build.0 = Release|Any CPU
		{C6EF5A54-345C-4894-A922-76B2C7355D78}.Debug|Any CPU.ActiveCfg = Debug|Any CPU
		{C6EF5A54-345C-4894-A922-76B2C7355D78}.Debug|Any CPU.Build.0 = Debug|Any CPU
		{C6EF5A54-345C-4894-A922-76B2C7355D78}.Release|Any CPU.ActiveCfg = Release|Any CPU
		{C6EF5A54-345C-4894-A922-76B2C7355D78}.Release|Any CPU.Build.0 = Release|Any CPU
		{C6055E2F-633E-425B-AF0E-69B68511DD40}.Debug|Any CPU.ActiveCfg = Debug|Any CPU
		{C6055E2F-633E-425B-AF0E-69B68511DD40}.Debug|Any CPU.Build.0 = Debug|Any CPU
		{C6055E2F-633E-425B-AF0E-69B68511DD40}.Release|Any CPU.ActiveCfg = Release|Any CPU
		{C6055E2F-633E-425B-AF0E-69B68511DD40}.Release|Any CPU.Build.0 = Release|Any CPU
		{820B58A6-BAF4-4ED8-9838-DFD9238F4200}.Debug|Any CPU.ActiveCfg = Debug|Any CPU
		{820B58A6-BAF4-4ED8-9838-DFD9238F4200}.Debug|Any CPU.Build.0 = Debug|Any CPU
		{820B58A6-BAF4-4ED8-9838-DFD9238F4200}.Release|Any CPU.ActiveCfg = Release|Any CPU
		{820B58A6-BAF4-4ED8-9838-DFD9238F4200}.Release|Any CPU.Build.0 = Release|Any CPU
		{7BBED59E-ACBD-46B8-93E9-9A25FF5DD14C}.Debug|Any CPU.ActiveCfg = Debug|Any CPU
		{7BBED59E-ACBD-46B8-93E9-9A25FF5DD14C}.Debug|Any CPU.Build.0 = Debug|Any CPU
		{7BBED59E-ACBD-46B8-93E9-9A25FF5DD14C}.Release|Any CPU.ActiveCfg = Release|Any CPU
		{7BBED59E-ACBD-46B8-93E9-9A25FF5DD14C}.Release|Any CPU.Build.0 = Release|Any CPU
		{36699AE0-7E70-406B-960E-42D61C567D18}.Debug|Any CPU.ActiveCfg = Debug|Any CPU
		{36699AE0-7E70-406B-960E-42D61C567D18}.Debug|Any CPU.Build.0 = Debug|Any CPU
		{36699AE0-7E70-406B-960E-42D61C567D18}.Release|Any CPU.ActiveCfg = Release|Any CPU
		{36699AE0-7E70-406B-960E-42D61C567D18}.Release|Any CPU.Build.0 = Release|Any CPU
		{7C25AC8C-58E9-4C12-936F-E194A6C26E94}.Debug|Any CPU.ActiveCfg = Debug|Any CPU
		{7C25AC8C-58E9-4C12-936F-E194A6C26E94}.Debug|Any CPU.Build.0 = Debug|Any CPU
		{7C25AC8C-58E9-4C12-936F-E194A6C26E94}.Release|Any CPU.ActiveCfg = Release|Any CPU
		{7C25AC8C-58E9-4C12-936F-E194A6C26E94}.Release|Any CPU.Build.0 = Release|Any CPU
		{80BD57FC-43D2-4CE9-84AF-3E036D2696D1}.Debug|Any CPU.ActiveCfg = Debug|Any CPU
		{80BD57FC-43D2-4CE9-84AF-3E036D2696D1}.Debug|Any CPU.Build.0 = Debug|Any CPU
		{80BD57FC-43D2-4CE9-84AF-3E036D2696D1}.Release|Any CPU.ActiveCfg = Release|Any CPU
		{80BD57FC-43D2-4CE9-84AF-3E036D2696D1}.Release|Any CPU.Build.0 = Release|Any CPU
		{C3617C92-EBA8-48AD-970F-78A2AC534DEC}.Debug|Any CPU.ActiveCfg = Debug|Any CPU
		{C3617C92-EBA8-48AD-970F-78A2AC534DEC}.Debug|Any CPU.Build.0 = Debug|Any CPU
		{C3617C92-EBA8-48AD-970F-78A2AC534DEC}.Release|Any CPU.ActiveCfg = Release|Any CPU
		{C3617C92-EBA8-48AD-970F-78A2AC534DEC}.Release|Any CPU.Build.0 = Release|Any CPU
		{2ED60488-E7E6-42A0-9150-DDC48C0BBB84}.Debug|Any CPU.ActiveCfg = Debug|Any CPU
		{2ED60488-E7E6-42A0-9150-DDC48C0BBB84}.Debug|Any CPU.Build.0 = Debug|Any CPU
		{2ED60488-E7E6-42A0-9150-DDC48C0BBB84}.Release|Any CPU.ActiveCfg = Release|Any CPU
		{2ED60488-E7E6-42A0-9150-DDC48C0BBB84}.Release|Any CPU.Build.0 = Release|Any CPU
		{F64DA4F3-7768-4D9B-81F7-464289294CCD}.Debug|Any CPU.ActiveCfg = Debug|Any CPU
		{F64DA4F3-7768-4D9B-81F7-464289294CCD}.Debug|Any CPU.Build.0 = Debug|Any CPU
		{F64DA4F3-7768-4D9B-81F7-464289294CCD}.Release|Any CPU.ActiveCfg = Release|Any CPU
		{F64DA4F3-7768-4D9B-81F7-464289294CCD}.Release|Any CPU.Build.0 = Release|Any CPU
	EndGlobalSection
	GlobalSection(SolutionProperties) = preSolution
		HideSolutionNode = FALSE
	EndGlobalSection
	GlobalSection(NestedProjects) = preSolution
		{626C424B-E92D-4313-ABD7-92DAB254CB7C} = {0AA54182-DD37-4EE0-B1B6-66D3E73EE976}
		{D087533D-0232-4694-8BA7-874879E1E1D9} = {31A903B6-5F08-432E-A14B-2C5C2EC83CCE}
		{0950C96F-4252-4A97-8499-E23841B38EC3} = {64F0FA0C-6D3B-4311-B52E-395EE116C99A}
		{7CEFABC9-16C8-4AEE-A16A-58E5F4C5053B} = {FA730534-4129-4F96-B89C-D057D98F941B}
		{1B24CB92-B4CC-4779-8A44-AE52301E7737} = {E9280B22-B4B6-4EDE-9F78-0893420DC15E}
		{8F69BD5A-7306-4373-A644-BA87DCF6A993} = {F1F35BD5-A185-4794-BF6A-75A3D9F9DF30}
		{11E81F23-1A31-4974-899D-EB2F2AC488D4} = {C409964D-B52B-479A-B9F5-6F581843A725}
		{3DAB564B-61AB-4380-B44C-85CC2BD6F685} = {FD51CA13-C137-4E99-89AD-C5B602C0B835}
		{7232818E-EC82-481F-AD03-5EAC44509ED5} = {ACED48CE-AE1E-4F8A-9499-21559B592DBA}
		{7A908F8A-80D0-4680-912E-2B6DDEC4C0A4} = {433C0EA7-ED2F-44F8-BC10-6994C3D77819}
		{3669B292-C89C-40C0-85C1-AFB3F43F795D} = {76A23EE7-7D5A-4F07-8F55-13C134DCA847}
		{5F04DA9F-3482-4F4B-B8BF-9D4576F1899E} = {945369BC-48F4-4767-AF39-0484D65D4F43}
		{D496CB00-6ACA-4C0A-96BD-F92D57EF2AF8} = {A3512F03-5AA5-4684-8B99-B6F450ECB5E2}
		{61F6E159-BF55-4967-BFA7-DAF972E68C23} = {205A3DEE-1DEF-4751-B85E-234BECADBB70}
		{50EA4F96-7C18-4979-814E-43C929C947E8} = {671BF075-7286-437F-9710-C121A790FC5B}
		{8A0B448A-5E3B-4A0B-A304-C818B434CBBF} = {D2112E20-933E-453D-AE9F-8A44E4B834F9}
		{F007EC7E-AEE4-444B-AD22-21D41FD9F54A} = {9C0AC526-443B-4DF0-BE65-2E0E674295A0}
		{E36BE11C-5B38-4E00-80F4-34FB021D4EA0} = {C86C7727-70D0-4D82-BE42-8E8EC30CB3DF}
		{3C2D41D0-AD10-4559-A7CC-06B2F7E05E36} = {CDC4043A-06E4-4167-8C76-5B03593BB4FB}
		{DB43DE7F-ED2A-48F4-801B-11D2508CD4FB} = {7908AD50-CF54-4134-84FF-5237A94036E4}
		{45BCBADD-8A9C-4FFC-975A-1DC275F9A088} = {6F506ACA-E4F3-4E33-AB01-4F2039E30FAC}
		{428FCAC2-CA32-4CC5-AC58-88E014BE5056} = {9E8078BE-9C98-441F-95CE-B380EBA0829F}
		{DECE9BA9-B85A-4AB1-9452-7B1E0858914C} = {19758A2A-E35C-47D5-B798-2AD922A6680A}
		{7C8B1C96-C5CA-449A-A406-ABF067C66B60} = {3841D922-C6B8-4AEF-A604-5E94E1997B6F}
		{FA39482F-4B46-402C-9A9C-A159F44C893E} = {B6984266-D928-422D-A3FA-EB028054F300}
		{539AF3B1-9CB2-4458-9A67-8B67F5B01E49} = {1DE8AF5E-9DF4-49A0-B434-49C1EC9481D6}
		{17B519B1-1304-46B7-B417-FDF010FD3922} = {896C53B9-D027-402A-93A5-C87688E8E462}
		{4017E937-200E-4A79-BF0C-598945D3A986} = {BB0C201D-D90D-4A31-9362-F82417284638}
		{8CB9FA8E-331B-461A-9CF6-3A25C961767A} = {DA9E1AC9-824D-4A24-9924-51B0ACD7A39B}
		{0B4451D7-29D9-4B65-9470-3DAA2EE13BAB} = {635CA6ED-D302-4EA8-9CBB-20D2B3610FBB}
		{C165AE48-0A12-49A8-86AB-AE5B39982563} = {FEB6993B-FFF9-485A-AE96-B631CE8EBDA1}
		{B23C9099-335C-499C-BF4A-F6D0D193D892} = {23888120-B36F-4DE0-9B94-2800F355B935}
		{D0D83C38-19FA-4DAD-9F9D-49135A9EC16A} = {F8C273BC-8DA1-46B7-A9A7-D9C988AB6C8B}
		{684BD5C1-D9E9-4C56-AE28-959CF523FF81} = {421D385E-3939-4E6B-8C0D-4FC23D26497E}
		{B46C2575-D1CC-4089-B9AC-707BFC7F7BC6} = {A8C9DE29-5651-4D1F-8642-049B129D8D12}
		{F321BC2C-70B9-48E1-8782-5F0C62A2085E} = {6D157CE0-6008-4014-BFA5-DD6A90BCB846}
		{C6EF5A54-345C-4894-A922-76B2C7355D78} = {1F9A229C-5DA9-4D3E-A7E3-874304510C5A}
		{C6055E2F-633E-425B-AF0E-69B68511DD40} = {EAC9E7D6-5BEC-4379-9E2C-F99A8AAABEBA}
		{820B58A6-BAF4-4ED8-9838-DFD9238F4200} = {88BD12E6-5D22-4489-8BE0-C12CBEB6375B}
		{7BBED59E-ACBD-46B8-93E9-9A25FF5DD14C} = {B01CBE3F-F460-431B-9EA8-5E9483370C72}
		{36699AE0-7E70-406B-960E-42D61C567D18} = {12A72AC2-6BEB-4D69-BA7D-77E172AB1B23}
		{7C25AC8C-58E9-4C12-936F-E194A6C26E94} = {475BB9E8-CC63-4555-9C62-4054993439F1}
		{80BD57FC-43D2-4CE9-84AF-3E036D2696D1} = {C6451B98-1AB0-4058-9ED3-3F0B3DC1E4E5}
		{C3617C92-EBA8-48AD-970F-78A2AC534DEC} = {8331AAF7-F891-432E-957F-F37C3508A2C9}
		{2ED60488-E7E6-42A0-9150-DDC48C0BBB84} = {B09F776B-8886-4064-A1B8-D6F22BCB2458}
		{F64DA4F3-7768-4D9B-81F7-464289294CCD} = {B17AD348-F50A-44FF-A129-39314FC0B95E}
	EndGlobalSection
	GlobalSection(ExtensibilityGlobals) = postSolution
		SolutionGuid = {0D3D3798-CCC0-44BA-B656-D160CA58F3F1}
	EndGlobalSection
EndGlobal
